// !$*UTF8*$!
{
	archiveVersion = 1;
	classes = {
	};
	objectVersion = 50;
	objects = {

/* Begin PBXBuildFile section */
		8A84718D224AC25400161C04 /* AppDelegate.swift in Sources */ = {isa = PBXBuildFile; fileRef = 8A84718C224AC25400161C04 /* AppDelegate.swift */; };
		8A84718F224AC25400161C04 /* ViewController.swift in Sources */ = {isa = PBXBuildFile; fileRef = 8A84718E224AC25400161C04 /* ViewController.swift */; };
		8A847192224AC25400161C04 /* Main.storyboard in Resources */ = {isa = PBXBuildFile; fileRef = 8A847190224AC25400161C04 /* Main.storyboard */; };
		8A847195224AC25400161C04 /* Magic_8_Ball.xcdatamodeld in Sources */ = {isa = PBXBuildFile; fileRef = 8A847193224AC25400161C04 /* Magic_8_Ball.xcdatamodeld */; };
		8A847197224AC25500161C04 /* Assets.xcassets in Resources */ = {isa = PBXBuildFile; fileRef = 8A847196224AC25500161C04 /* Assets.xcassets */; };
		8A84719A224AC25500161C04 /* LaunchScreen.storyboard in Resources */ = {isa = PBXBuildFile; fileRef = 8A847198224AC25500161C04 /* LaunchScreen.storyboard */; };
		8A8471A5224AC25600161C04 /* Magic_8_BallTests.swift in Sources */ = {isa = PBXBuildFile; fileRef = 8A8471A4224AC25600161C04 /* Magic_8_BallTests.swift */; };
		8A8471B0224AC25600161C04 /* Magic_8_BallUITests.swift in Sources */ = {isa = PBXBuildFile; fileRef = 8A8471AF224AC25600161C04 /* Magic_8_BallUITests.swift */; };
/* End PBXBuildFile section */

/* Begin PBXContainerItemProxy section */
		8A8471A1224AC25500161C04 /* PBXContainerItemProxy */ = {
			isa = PBXContainerItemProxy;
			containerPortal = 8A847181224AC25400161C04 /* Project object */;
			proxyType = 1;
			remoteGlobalIDString = 8A847188224AC25400161C04;
			remoteInfo = "Magic 8 Ball";
		};
		8A8471AC224AC25600161C04 /* PBXContainerItemProxy */ = {
			isa = PBXContainerItemProxy;
			containerPortal = 8A847181224AC25400161C04 /* Project object */;
			proxyType = 1;
			remoteGlobalIDString = 8A847188224AC25400161C04;
			remoteInfo = "Magic 8 Ball";
		};
/* End PBXContainerItemProxy section */

/* Begin PBXFileReference section */
		8A847189224AC25400161C04 /* Magic 8 Ball.app */ = {isa = PBXFileReference; explicitFileType = wrapper.application; includeInIndex = 0; path = "Magic 8 Ball.app"; sourceTree = BUILT_PRODUCTS_DIR; };
		8A84718C224AC25400161C04 /* AppDelegate.swift */ = {isa = PBXFileReference; lastKnownFileType = sourcecode.swift; path = AppDelegate.swift; sourceTree = "<group>"; };
		8A84718E224AC25400161C04 /* ViewController.swift */ = {isa = PBXFileReference; lastKnownFileType = sourcecode.swift; path = ViewController.swift; sourceTree = "<group>"; };
		8A847191224AC25400161C04 /* Base */ = {isa = PBXFileReference; lastKnownFileType = file.storyboard; name = Base; path = Base.lproj/Main.storyboard; sourceTree = "<group>"; };
		8A847194224AC25400161C04 /* Magic_8_Ball.xcdatamodel */ = {isa = PBXFileReference; lastKnownFileType = wrapper.xcdatamodel; path = Magic_8_Ball.xcdatamodel; sourceTree = "<group>"; };
		8A847196224AC25500161C04 /* Assets.xcassets */ = {isa = PBXFileReference; lastKnownFileType = folder.assetcatalog; path = Assets.xcassets; sourceTree = "<group>"; };
		8A847199224AC25500161C04 /* Base */ = {isa = PBXFileReference; lastKnownFileType = file.storyboard; name = Base; path = Base.lproj/LaunchScreen.storyboard; sourceTree = "<group>"; };
		8A84719B224AC25500161C04 /* Info.plist */ = {isa = PBXFileReference; lastKnownFileType = text.plist.xml; path = Info.plist; sourceTree = "<group>"; };
		8A8471A0224AC25500161C04 /* Magic 8 BallTests.xctest */ = {isa = PBXFileReference; explicitFileType = wrapper.cfbundle; includeInIndex = 0; path = "Magic 8 BallTests.xctest"; sourceTree = BUILT_PRODUCTS_DIR; };
		8A8471A4224AC25600161C04 /* Magic_8_BallTests.swift */ = {isa = PBXFileReference; lastKnownFileType = sourcecode.swift; path = Magic_8_BallTests.swift; sourceTree = "<group>"; };
		8A8471A6224AC25600161C04 /* Info.plist */ = {isa = PBXFileReference; lastKnownFileType = text.plist.xml; path = Info.plist; sourceTree = "<group>"; };
		8A8471AB224AC25600161C04 /* Magic 8 BallUITests.xctest */ = {isa = PBXFileReference; explicitFileType = wrapper.cfbundle; includeInIndex = 0; path = "Magic 8 BallUITests.xctest"; sourceTree = BUILT_PRODUCTS_DIR; };
		8A8471AF224AC25600161C04 /* Magic_8_BallUITests.swift */ = {isa = PBXFileReference; lastKnownFileType = sourcecode.swift; path = Magic_8_BallUITests.swift; sourceTree = "<group>"; };
		8A8471B1224AC25600161C04 /* Info.plist */ = {isa = PBXFileReference; lastKnownFileType = text.plist.xml; path = Info.plist; sourceTree = "<group>"; };
/* End PBXFileReference section */

/* Begin PBXFrameworksBuildPhase section */
		8A847186224AC25400161C04 /* Frameworks */ = {
			isa = PBXFrameworksBuildPhase;
			buildActionMask = 2147483647;
			files = (
			);
			runOnlyForDeploymentPostprocessing = 0;
		};
		8A84719D224AC25500161C04 /* Frameworks */ = {
			isa = PBXFrameworksBuildPhase;
			buildActionMask = 2147483647;
			files = (
			);
			runOnlyForDeploymentPostprocessing = 0;
		};
		8A8471A8224AC25600161C04 /* Frameworks */ = {
			isa = PBXFrameworksBuildPhase;
			buildActionMask = 2147483647;
			files = (
			);
			runOnlyForDeploymentPostprocessing = 0;
		};
/* End PBXFrameworksBuildPhase section */

/* Begin PBXGroup section */
		8A847180224AC25400161C04 = {
			isa = PBXGroup;
			children = (
				8A84718B224AC25400161C04 /* Magic 8 Ball */,
				8A8471A3224AC25500161C04 /* Magic 8 BallTests */,
				8A8471AE224AC25600161C04 /* Magic 8 BallUITests */,
				8A84718A224AC25400161C04 /* Products */,
			);
			sourceTree = "<group>";
		};
		8A84718A224AC25400161C04 /* Products */ = {
			isa = PBXGroup;
			children = (
				8A847189224AC25400161C04 /* Magic 8 Ball.app */,
				8A8471A0224AC25500161C04 /* Magic 8 BallTests.xctest */,
				8A8471AB224AC25600161C04 /* Magic 8 BallUITests.xctest */,
			);
			name = Products;
			sourceTree = "<group>";
		};
		8A84718B224AC25400161C04 /* Magic 8 Ball */ = {
			isa = PBXGroup;
			children = (
				8A84718C224AC25400161C04 /* AppDelegate.swift */,
				8A84718E224AC25400161C04 /* ViewController.swift */,
				8A847190224AC25400161C04 /* Main.storyboard */,
				8A847196224AC25500161C04 /* Assets.xcassets */,
				8A847198224AC25500161C04 /* LaunchScreen.storyboard */,
				8A84719B224AC25500161C04 /* Info.plist */,
				8A847193224AC25400161C04 /* Magic_8_Ball.xcdatamodeld */,
			);
			path = "Magic 8 Ball";
			sourceTree = "<group>";
		};
		8A8471A3224AC25500161C04 /* Magic 8 BallTests */ = {
			isa = PBXGroup;
			children = (
				8A8471A4224AC25600161C04 /* Magic_8_BallTests.swift */,
				8A8471A6224AC25600161C04 /* Info.plist */,
			);
			path = "Magic 8 BallTests";
			sourceTree = "<group>";
		};
		8A8471AE224AC25600161C04 /* Magic 8 BallUITests */ = {
			isa = PBXGroup;
			children = (
				8A8471AF224AC25600161C04 /* Magic_8_BallUITests.swift */,
				8A8471B1224AC25600161C04 /* Info.plist */,
			);
			path = "Magic 8 BallUITests";
			sourceTree = "<group>";
		};
/* End PBXGroup section */

/* Begin PBXNativeTarget section */
		8A847188224AC25400161C04 /* Magic 8 Ball */ = {
			isa = PBXNativeTarget;
			buildConfigurationList = 8A8471B4224AC25600161C04 /* Build configuration list for PBXNativeTarget "Magic 8 Ball" */;
			buildPhases = (
				8A847185224AC25400161C04 /* Sources */,
				8A847186224AC25400161C04 /* Frameworks */,
				8A847187224AC25400161C04 /* Resources */,
			);
			buildRules = (
			);
			dependencies = (
			);
			name = "Magic 8 Ball";
			productName = "Magic 8 Ball";
			productReference = 8A847189224AC25400161C04 /* Magic 8 Ball.app */;
			productType = "com.apple.product-type.application";
		};
		8A84719F224AC25500161C04 /* Magic 8 BallTests */ = {
			isa = PBXNativeTarget;
			buildConfigurationList = 8A8471B7224AC25600161C04 /* Build configuration list for PBXNativeTarget "Magic 8 BallTests" */;
			buildPhases = (
				8A84719C224AC25500161C04 /* Sources */,
				8A84719D224AC25500161C04 /* Frameworks */,
				8A84719E224AC25500161C04 /* Resources */,
			);
			buildRules = (
			);
			dependencies = (
				8A8471A2224AC25500161C04 /* PBXTargetDependency */,
			);
			name = "Magic 8 BallTests";
			productName = "Magic 8 BallTests";
			productReference = 8A8471A0224AC25500161C04 /* Magic 8 BallTests.xctest */;
			productType = "com.apple.product-type.bundle.unit-test";
		};
		8A8471AA224AC25600161C04 /* Magic 8 BallUITests */ = {
			isa = PBXNativeTarget;
			buildConfigurationList = 8A8471BA224AC25600161C04 /* Build configuration list for PBXNativeTarget "Magic 8 BallUITests" */;
			buildPhases = (
				8A8471A7224AC25600161C04 /* Sources */,
				8A8471A8224AC25600161C04 /* Frameworks */,
				8A8471A9224AC25600161C04 /* Resources */,
			);
			buildRules = (
			);
			dependencies = (
				8A8471AD224AC25600161C04 /* PBXTargetDependency */,
			);
			name = "Magic 8 BallUITests";
			productName = "Magic 8 BallUITests";
			productReference = 8A8471AB224AC25600161C04 /* Magic 8 BallUITests.xctest */;
			productType = "com.apple.product-type.bundle.ui-testing";
		};
/* End PBXNativeTarget section */

/* Begin PBXProject section */
		8A847181224AC25400161C04 /* Project object */ = {
			isa = PBXProject;
			attributes = {
				LastSwiftUpdateCheck = 1010;
				LastUpgradeCheck = 1010;
				ORGANIZATIONNAME = "AMZ Development";
				TargetAttributes = {
					8A847188224AC25400161C04 = {
						CreatedOnToolsVersion = 10.1;
					};
					8A84719F224AC25500161C04 = {
						CreatedOnToolsVersion = 10.1;
						TestTargetID = 8A847188224AC25400161C04;
					};
					8A8471AA224AC25600161C04 = {
						CreatedOnToolsVersion = 10.1;
						TestTargetID = 8A847188224AC25400161C04;
					};
				};
			};
			buildConfigurationList = 8A847184224AC25400161C04 /* Build configuration list for PBXProject "Magic 8 Ball" */;
			compatibilityVersion = "Xcode 9.3";
			developmentRegion = en;
			hasScannedForEncodings = 0;
			knownRegions = (
				en,
				Base,
			);
			mainGroup = 8A847180224AC25400161C04;
			productRefGroup = 8A84718A224AC25400161C04 /* Products */;
			projectDirPath = "";
			projectRoot = "";
			targets = (
				8A847188224AC25400161C04 /* Magic 8 Ball */,
				8A84719F224AC25500161C04 /* Magic 8 BallTests */,
				8A8471AA224AC25600161C04 /* Magic 8 BallUITests */,
			);
		};
/* End PBXProject section */

/* Begin PBXResourcesBuildPhase section */
		8A847187224AC25400161C04 /* Resources */ = {
			isa = PBXResourcesBuildPhase;
			buildActionMask = 2147483647;
			files = (
				8A84719A224AC25500161C04 /* LaunchScreen.storyboard in Resources */,
				8A847197224AC25500161C04 /* Assets.xcassets in Resources */,
				8A847192224AC25400161C04 /* Main.storyboard in Resources */,
			);
			runOnlyForDeploymentPostprocessing = 0;
		};
		8A84719E224AC25500161C04 /* Resources */ = {
			isa = PBXResourcesBuildPhase;
			buildActionMask = 2147483647;
			files = (
			);
			runOnlyForDeploymentPostprocessing = 0;
		};
		8A8471A9224AC25600161C04 /* Resources */ = {
			isa = PBXResourcesBuildPhase;
			buildActionMask = 2147483647;
			files = (
			);
			runOnlyForDeploymentPostprocessing = 0;
		};
/* End PBXResourcesBuildPhase section */

/* Begin PBXSourcesBuildPhase section */
		8A847185224AC25400161C04 /* Sources */ = {
			isa = PBXSourcesBuildPhase;
			buildActionMask = 2147483647;
			files = (
				8A84718F224AC25400161C04 /* ViewController.swift in Sources */,
				8A84718D224AC25400161C04 /* AppDelegate.swift in Sources */,
				8A847195224AC25400161C04 /* Magic_8_Ball.xcdatamodeld in Sources */,
			);
			runOnlyForDeploymentPostprocessing = 0;
		};
		8A84719C224AC25500161C04 /* Sources */ = {
			isa = PBXSourcesBuildPhase;
			buildActionMask = 2147483647;
			files = (
				8A8471A5224AC25600161C04 /* Magic_8_BallTests.swift in Sources */,
			);
			runOnlyForDeploymentPostprocessing = 0;
		};
		8A8471A7224AC25600161C04 /* Sources */ = {
			isa = PBXSourcesBuildPhase;
			buildActionMask = 2147483647;
			files = (
				8A8471B0224AC25600161C04 /* Magic_8_BallUITests.swift in Sources */,
			);
			runOnlyForDeploymentPostprocessing = 0;
		};
/* End PBXSourcesBuildPhase section */

/* Begin PBXTargetDependency section */
		8A8471A2224AC25500161C04 /* PBXTargetDependency */ = {
			isa = PBXTargetDependency;
			target = 8A847188224AC25400161C04 /* Magic 8 Ball */;
			targetProxy = 8A8471A1224AC25500161C04 /* PBXContainerItemProxy */;
		};
		8A8471AD224AC25600161C04 /* PBXTargetDependency */ = {
			isa = PBXTargetDependency;
			target = 8A847188224AC25400161C04 /* Magic 8 Ball */;
			targetProxy = 8A8471AC224AC25600161C04 /* PBXContainerItemProxy */;
		};
/* End PBXTargetDependency section */

/* Begin PBXVariantGroup section */
		8A847190224AC25400161C04 /* Main.storyboard */ = {
			isa = PBXVariantGroup;
			children = (
				8A847191224AC25400161C04 /* Base */,
			);
			name = Main.storyboard;
			sourceTree = "<group>";
		};
		8A847198224AC25500161C04 /* LaunchScreen.storyboard */ = {
			isa = PBXVariantGroup;
			children = (
				8A847199224AC25500161C04 /* Base */,
			);
			name = LaunchScreen.storyboard;
			sourceTree = "<group>";
		};
/* End PBXVariantGroup section */

/* Begin XCBuildConfiguration section */
		8A8471B2224AC25600161C04 /* Debug */ = {
			isa = XCBuildConfiguration;
			buildSettings = {
				ALWAYS_SEARCH_USER_PATHS = NO;
				CLANG_ANALYZER_NONNULL = YES;
				CLANG_ANALYZER_NUMBER_OBJECT_CONVERSION = YES_AGGRESSIVE;
				CLANG_CXX_LANGUAGE_STANDARD = "gnu++14";
				CLANG_CXX_LIBRARY = "libc++";
				CLANG_ENABLE_MODULES = YES;
				CLANG_ENABLE_OBJC_ARC = YES;
				CLANG_ENABLE_OBJC_WEAK = YES;
				CLANG_WARN_BLOCK_CAPTURE_AUTORELEASING = YES;
				CLANG_WARN_BOOL_CONVERSION = YES;
				CLANG_WARN_COMMA = YES;
				CLANG_WARN_CONSTANT_CONVERSION = YES;
				CLANG_WARN_DEPRECATED_OBJC_IMPLEMENTATIONS = YES;
				CLANG_WARN_DIRECT_OBJC_ISA_USAGE = YES_ERROR;
				CLANG_WARN_DOCUMENTATION_COMMENTS = YES;
				CLANG_WARN_EMPTY_BODY = YES;
				CLANG_WARN_ENUM_CONVERSION = YES;
				CLANG_WARN_INFINITE_RECURSION = YES;
				CLANG_WARN_INT_CONVERSION = YES;
				CLANG_WARN_NON_LITERAL_NULL_CONVERSION = YES;
				CLANG_WARN_OBJC_IMPLICIT_RETAIN_SELF = YES;
				CLANG_WARN_OBJC_LITERAL_CONVERSION = YES;
				CLANG_WARN_OBJC_ROOT_CLASS = YES_ERROR;
				CLANG_WARN_RANGE_LOOP_ANALYSIS = YES;
				CLANG_WARN_STRICT_PROTOTYPES = YES;
				CLANG_WARN_SUSPICIOUS_MOVE = YES;
				CLANG_WARN_UNGUARDED_AVAILABILITY = YES_AGGRESSIVE;
				CLANG_WARN_UNREACHABLE_CODE = YES;
				CLANG_WARN__DUPLICATE_METHOD_MATCH = YES;
				CODE_SIGN_IDENTITY = "iPhone Developer";
				COPY_PHASE_STRIP = NO;
				DEBUG_INFORMATION_FORMAT = dwarf;
				ENABLE_STRICT_OBJC_MSGSEND = YES;
				ENABLE_TESTABILITY = YES;
				GCC_C_LANGUAGE_STANDARD = gnu11;
				GCC_DYNAMIC_NO_PIC = NO;
				GCC_NO_COMMON_BLOCKS = YES;
				GCC_OPTIMIZATION_LEVEL = 0;
				GCC_PREPROCESSOR_DEFINITIONS = (
					"DEBUG=1",
					"$(inherited)",
				);
				GCC_WARN_64_TO_32_BIT_CONVERSION = YES;
				GCC_WARN_ABOUT_RETURN_TYPE = YES_ERROR;
				GCC_WARN_UNDECLARED_SELECTOR = YES;
				GCC_WARN_UNINITIALIZED_AUTOS = YES_AGGRESSIVE;
				GCC_WARN_UNUSED_FUNCTION = YES;
				GCC_WARN_UNUSED_VARIABLE = YES;
				IPHONEOS_DEPLOYMENT_TARGET = 12.1;
				MTL_ENABLE_DEBUG_INFO = INCLUDE_SOURCE;
				MTL_FAST_MATH = YES;
				ONLY_ACTIVE_ARCH = YES;
				SDKROOT = iphoneos;
				SWIFT_ACTIVE_COMPILATION_CONDITIONS = DEBUG;
				SWIFT_OPTIMIZATION_LEVEL = "-Onone";
			};
			name = Debug;
		};
		8A8471B3224AC25600161C04 /* Release */ = {
			isa = XCBuildConfiguration;
			buildSettings = {
				ALWAYS_SEARCH_USER_PATHS = NO;
				CLANG_ANALYZER_NONNULL = YES;
				CLANG_ANALYZER_NUMBER_OBJECT_CONVERSION = YES_AGGRESSIVE;
				CLANG_CXX_LANGUAGE_STANDARD = "gnu++14";
				CLANG_CXX_LIBRARY = "libc++";
				CLANG_ENABLE_MODULES = YES;
				CLANG_ENABLE_OBJC_ARC = YES;
				CLANG_ENABLE_OBJC_WEAK = YES;
				CLANG_WARN_BLOCK_CAPTURE_AUTORELEASING = YES;
				CLANG_WARN_BOOL_CONVERSION = YES;
				CLANG_WARN_COMMA = YES;
				CLANG_WARN_CONSTANT_CONVERSION = YES;
				CLANG_WARN_DEPRECATED_OBJC_IMPLEMENTATIONS = YES;
				CLANG_WARN_DIRECT_OBJC_ISA_USAGE = YES_ERROR;
				CLANG_WARN_DOCUMENTATION_COMMENTS = YES;
				CLANG_WARN_EMPTY_BODY = YES;
				CLANG_WARN_ENUM_CONVERSION = YES;
				CLANG_WARN_INFINITE_RECURSION = YES;
				CLANG_WARN_INT_CONVERSION = YES;
				CLANG_WARN_NON_LITERAL_NULL_CONVERSION = YES;
				CLANG_WARN_OBJC_IMPLICIT_RETAIN_SELF = YES;
				CLANG_WARN_OBJC_LITERAL_CONVERSION = YES;
				CLANG_WARN_OBJC_ROOT_CLASS = YES_ERROR;
				CLANG_WARN_RANGE_LOOP_ANALYSIS = YES;
				CLANG_WARN_STRICT_PROTOTYPES = YES;
				CLANG_WARN_SUSPICIOUS_MOVE = YES;
				CLANG_WARN_UNGUARDED_AVAILABILITY = YES_AGGRESSIVE;
				CLANG_WARN_UNREACHABLE_CODE = YES;
				CLANG_WARN__DUPLICATE_METHOD_MATCH = YES;
				CODE_SIGN_IDENTITY = "iPhone Developer";
				COPY_PHASE_STRIP = NO;
				DEBUG_INFORMATION_FORMAT = "dwarf-with-dsym";
				ENABLE_NS_ASSERTIONS = NO;
				ENABLE_STRICT_OBJC_MSGSEND = YES;
				GCC_C_LANGUAGE_STANDARD = gnu11;
				GCC_NO_COMMON_BLOCKS = YES;
				GCC_WARN_64_TO_32_BIT_CONVERSION = YES;
				GCC_WARN_ABOUT_RETURN_TYPE = YES_ERROR;
				GCC_WARN_UNDECLARED_SELECTOR = YES;
				GCC_WARN_UNINITIALIZED_AUTOS = YES_AGGRESSIVE;
				GCC_WARN_UNUSED_FUNCTION = YES;
				GCC_WARN_UNUSED_VARIABLE = YES;
				IPHONEOS_DEPLOYMENT_TARGET = 12.1;
				MTL_ENABLE_DEBUG_INFO = NO;
				MTL_FAST_MATH = YES;
				SDKROOT = iphoneos;
				SWIFT_COMPILATION_MODE = wholemodule;
				SWIFT_OPTIMIZATION_LEVEL = "-O";
				VALIDATE_PRODUCT = YES;
			};
			name = Release;
		};
		8A8471B5224AC25600161C04 /* Debug */ = {
			isa = XCBuildConfiguration;
			buildSettings = {
				ASSETCATALOG_COMPILER_APPICON_NAME = AppIcon;
				CODE_SIGN_STYLE = Automatic;
				INFOPLIST_FILE = "Magic 8 Ball/Info.plist";
				LD_RUNPATH_SEARCH_PATHS = (
					"$(inherited)",
					"@executable_path/Frameworks",
				);
				PRODUCT_BUNDLE_IDENTIFIER = "AMZ.Magic-8-Ball";
				PRODUCT_NAME = "$(TARGET_NAME)";
				SWIFT_VERSION = 4.2;
				TARGETED_DEVICE_FAMILY = "1,2";
			};
			name = Debug;
		};
		8A8471B6224AC25600161C04 /* Release */ = {
			isa = XCBuildConfiguration;
			buildSettings = {
				ASSETCATALOG_COMPILER_APPICON_NAME = AppIcon;
				CODE_SIGN_STYLE = Automatic;
				INFOPLIST_FILE = "Magic 8 Ball/Info.plist";
				LD_RUNPATH_SEARCH_PATHS = (
					"$(inherited)",
					"@executable_path/Frameworks",
				);
				PRODUCT_BUNDLE_IDENTIFIER = "AMZ.Magic-8-Ball";
				PRODUCT_NAME = "$(TARGET_NAME)";
				SWIFT_VERSION = 4.2;
				TARGETED_DEVICE_FAMILY = "1,2";
			};
			name = Release;
		};
		8A8471B8224AC25600161C04 /* Debug */ = {
			isa = XCBuildConfiguration;
			buildSettings = {
				ALWAYS_EMBED_SWIFT_STANDARD_LIBRARIES = YES;
				BUNDLE_LOADER = "$(TEST_HOST)";
				CODE_SIGN_STYLE = Automatic;
				INFOPLIST_FILE = "Magic 8 BallTests/Info.plist";
				LD_RUNPATH_SEARCH_PATHS = (
					"$(inherited)",
					"@executable_path/Frameworks",
					"@loader_path/Frameworks",
				);
				PRODUCT_BUNDLE_IDENTIFIER = "AMZ.Magic-8-BallTests";
				PRODUCT_NAME = "$(TARGET_NAME)";
				SWIFT_VERSION = 4.2;
				TARGETED_DEVICE_FAMILY = "1,2";
				TEST_HOST = "$(BUILT_PRODUCTS_DIR)/Magic 8 Ball.app/Magic 8 Ball";
			};
			name = Debug;
		};
		8A8471B9224AC25600161C04 /* Release */ = {
			isa = XCBuildConfiguration;
			buildSettings = {
				ALWAYS_EMBED_SWIFT_STANDARD_LIBRARIES = YES;
				BUNDLE_LOADER = "$(TEST_HOST)";
				CODE_SIGN_STYLE = Automatic;
				INFOPLIST_FILE = "Magic 8 BallTests/Info.plist";
				LD_RUNPATH_SEARCH_PATHS = (
					"$(inherited)",
					"@executable_path/Frameworks",
					"@loader_path/Frameworks",
				);
				PRODUCT_BUNDLE_IDENTIFIER = "AMZ.Magic-8-BallTests";
				PRODUCT_NAME = "$(TARGET_NAME)";
				SWIFT_VERSION = 4.2;
				TARGETED_DEVICE_FAMILY = "1,2";
				TEST_HOST = "$(BUILT_PRODUCTS_DIR)/Magic 8 Ball.app/Magic 8 Ball";
			};
			name = Release;
		};
		8A8471BB224AC25600161C04 /* Debug */ = {
			isa = XCBuildConfiguration;
			buildSettings = {
				ALWAYS_EMBED_SWIFT_STANDARD_LIBRARIES = YES;
				CODE_SIGN_STYLE = Automatic;
				INFOPLIST_FILE = "Magic 8 BallUITests/Info.plist";
				LD_RUNPATH_SEARCH_PATHS = (
					"$(inherited)",
					"@executable_path/Frameworks",
					"@loader_path/Frameworks",
				);
				PRODUCT_BUNDLE_IDENTIFIER = "AMZ.Magic-8-BallUITests";
				PRODUCT_NAME = "$(TARGET_NAME)";
				SWIFT_VERSION = 4.2;
				TARGETED_DEVICE_FAMILY = "1,2";
				TEST_TARGET_NAME = "Magic 8 Ball";
			};
			name = Debug;
		};
		8A8471BC224AC25600161C04 /* Release */ = {
			isa = XCBuildConfiguration;
			buildSettings = {
				ALWAYS_EMBED_SWIFT_STANDARD_LIBRARIES = YES;
				CODE_SIGN_STYLE = Automatic;
				INFOPLIST_FILE = "Magic 8 BallUITests/Info.plist";
				LD_RUNPATH_SEARCH_PATHS = (
					"$(inherited)",
					"@executable_path/Frameworks",
					"@loader_path/Frameworks",
				);
				PRODUCT_BUNDLE_IDENTIFIER = "AMZ.Magic-8-BallUITests";
				PRODUCT_NAME = "$(TARGET_NAME)";
				SWIFT_VERSION = 4.2;
				TARGETED_DEVICE_FAMILY = "1,2";
				TEST_TARGET_NAME = "Magic 8 Ball";
			};
			name = Release;
		};
/* End XCBuildConfiguration section */

/* Begin XCConfigurationList section */
		8A847184224AC25400161C04 /* Build configuration list for PBXProject "Magic 8 Ball" */ = {
			isa = XCConfigurationList;
			buildConfigurations = (
				8A8471B2224AC25600161C04 /* Debug */,
				8A8471B3224AC25600161C04 /* Release */,
			);
			defaultConfigurationIsVisible = 0;
			defaultConfigurationName = Release;
		};
		8A8471B4224AC25600161C04 /* Build configuration list for PBXNativeTarget "Magic 8 Ball" */ = {
			isa = XCConfigurationList;
			buildConfigurations = (
				8A8471B5224AC25600161C04 /* Debug */,
				8A8471B6224AC25600161C04 /* Release */,
			);
			defaultConfigurationIsVisible = 0;
			defaultConfigurationName = Release;
		};
		8A8471B7224AC25600161C04 /* Build configuration list for PBXNativeTarget "Magic 8 BallTests" */ = {
			isa = XCConfigurationList;
			buildConfigurations = (
				8A8471B8224AC25600161C04 /* Debug */,
				8A8471B9224AC25600161C04 /* Release */,
			);
			defaultConfigurationIsVisible = 0;
			defaultConfigurationName = Release;
		};
		8A8471BA224AC25600161C04 /* Build configuration list for PBXNativeTarget "Magic 8 BallUITests" */ = {
			isa = XCConfigurationList;
			buildConfigurations = (
				8A8471BB224AC25600161C04 /* Debug */,
				8A8471BC224AC25600161C04 /* Release */,
			);
			defaultConfigurationIsVisible = 0;
			defaultConfigurationName = Release;
		};
/* End XCConfigurationList section */

/* Begin XCVersionGroup section */
		8A847193224AC25400161C04 /* Magic_8_Ball.xcdatamodeld */ = {
			isa = XCVersionGroup;
			children = (
				8A847194224AC25400161C04 /* Magic_8_Ball.xcdatamodel */,
			);
			currentVersion = 8A847194224AC25400161C04 /* Magic_8_Ball.xcdatamodel */;
			path = Magic_8_Ball.xcdatamodeld;
			sourceTree = "<group>";
			versionGroupType = wrapper.xcdatamodel;
		};
/* End XCVersionGroup section */
	};
	rootObject = 8A847181224AC25400161C04 /* Project object */;
}
